
Microsoft Visual Studio Solution File, Format Version 12.00
# Visual Studio 15
VisualStudioVersion = 15.0.27703.2000
MinimumVisualStudioVersion = 10.0.40219.1
Project("{FAE04EC0-301F-11D3-BF4B-00C04F79EFBC}") = "AllegroWEBAPI", "AllegroWEBAPI\AllegroWEBAPI.csproj", "{78E6ACFA-279A-4A78-A59E-E63D4E164A2C}"
EndProject
Project("{DA7A21FA-8162-4350-AD77-A8D1B671F3ED}") = "DataAnalyzer", "DataAnalyzer\DataAnalyzer.rxproj", "{66292D0D-D796-4833-8F97-8CE460D3D58E}"
EndProject
Global
	GlobalSection(SolutionConfigurationPlatforms) = preSolution
		Debug|Any CPU = Debug|Any CPU
		Release|Any CPU = Release|Any CPU
	EndGlobalSection
	GlobalSection(ProjectConfigurationPlatforms) = postSolution
		{78E6ACFA-279A-4A78-A59E-E63D4E164A2C}.Debug|Any CPU.ActiveCfg = Debug|Any CPU
		{78E6ACFA-279A-4A78-A59E-E63D4E164A2C}.Debug|Any CPU.Build.0 = Debug|Any CPU
		{78E6ACFA-279A-4A78-A59E-E63D4E164A2C}.Release|Any CPU.ActiveCfg = Release|Any CPU
		{78E6ACFA-279A-4A78-A59E-E63D4E164A2C}.Release|Any CPU.Build.0 = Release|Any CPU
		{66292D0D-D796-4833-8F97-8CE460D3D58E}.Debug|Any CPU.ActiveCfg = Debug|Any CPU
		{66292D0D-D796-4833-8F97-8CE460D3D58E}.Debug|Any CPU.Build.0 = Debug|Any CPU
		{66292D0D-D796-4833-8F97-8CE460D3D58E}.Release|Any CPU.ActiveCfg = Release|Any CPU
		{66292D0D-D796-4833-8F97-8CE460D3D58E}.Release|Any CPU.Build.0 = Release|Any CPU
	EndGlobalSection
	GlobalSection(SolutionProperties) = preSolution
		HideSolutionNode = FALSE
	EndGlobalSection
	GlobalSection(ExtensibilityGlobals) = postSolution
		SolutionGuid = {CEB7B736-35AD-452E-AC9F-CBEDF0BD5502}
	EndGlobalSection
EndGlobal
